
Microsoft Visual Studio Solution File, Format Version 12.00
# Visual Studio 15
VisualStudioVersion = 15.0.27130.2020
MinimumVisualStudioVersion = 10.0.40219.1
Project("{FAE04EC0-301F-11D3-BF4B-00C04F79EFBC}") = "RemoteEducationalServicesWebService", "RemoteEducationalServicesWebService\RemoteEducationalServicesWebService.csproj", "{EFF1E693-9CED-416D-8619-CAA16AA6A464}"
EndProject
Project("{FAE04EC0-301F-11D3-BF4B-00C04F79EFBC}") = "RemoteEducationalServicesWebApplication", "RemoteEducationalServicesWebApplication\RemoteEducationalServicesWebApplication.csproj", "{560AEA09-74E8-4433-A3F6-207F34513849}"
EndProject
Global
	GlobalSection(SolutionConfigurationPlatforms) = preSolution
		Debug|Any CPU = Debug|Any CPU
		Release|Any CPU = Release|Any CPU
	EndGlobalSection
	GlobalSection(ProjectConfigurationPlatforms) = postSolution
		{EFF1E693-9CED-416D-8619-CAA16AA6A464}.Debug|Any CPU.ActiveCfg = Debug|Any CPU
		{EFF1E693-9CED-416D-8619-CAA16AA6A464}.Debug|Any CPU.Build.0 = Debug|Any CPU
		{EFF1E693-9CED-416D-8619-CAA16AA6A464}.Release|Any CPU.ActiveCfg = Release|Any CPU
		{EFF1E693-9CED-416D-8619-CAA16AA6A464}.Release|Any CPU.Build.0 = Release|Any CPU
		{560AEA09-74E8-4433-A3F6-207F34513849}.Debug|Any CPU.ActiveCfg = Debug|Any CPU
		{560AEA09-74E8-4433-A3F6-207F34513849}.Debug|Any CPU.Build.0 = Debug|Any CPU
		{560AEA09-74E8-4433-A3F6-207F34513849}.Release|Any CPU.ActiveCfg = Release|Any CPU
		{560AEA09-74E8-4433-A3F6-207F34513849}.Release|Any CPU.Build.0 = Release|Any CPU
	EndGlobalSection
	GlobalSection(SolutionProperties) = preSolution
		HideSolutionNode = FALSE
	EndGlobalSection
	GlobalSection(ExtensibilityGlobals) = postSolution
		SolutionGuid = {DF0BFA1D-68A0-4E2D-8EAF-8FEDDF9EC620}
	EndGlobalSection
EndGlobal
